
Microsoft Visual Studio Solution File, Format Version 12.00
# Visual Studio Version 17
VisualStudioVersion = 17.6.33723.286
MinimumVisualStudioVersion = 10.0.40219.1
Project("{FAE04EC0-301F-11D3-BF4B-00C04F79EFBC}") = "HotelCreatedEventHandler", "HotelCreatedEventHandler.csproj", "{BD61B694-5223-4FFC-8DDF-BD4B611D715B}"
EndProject
Global
	GlobalSection(SolutionConfigurationPlatforms) = preSolution
		Debug|Any CPU = Debug|Any CPU
		Release|Any CPU = Release|Any CPU
	EndGlobalSection
	GlobalSection(ProjectConfigurationPlatforms) = postSolution
		{BD61B694-5223-4FFC-8DDF-BD4B611D715B}.Debug|Any CPU.ActiveCfg = Debug|Any CPU
		{BD61B694-5223-4FFC-8DDF-BD4B611D715B}.Debug|Any CPU.Build.0 = Debug|Any CPU
		{BD61B694-5223-4FFC-8DDF-BD4B611D715B}.Release|Any CPU.ActiveCfg = Release|Any CPU
		{BD61B694-5223-4FFC-8DDF-BD4B611D715B}.Release|Any CPU.Build.0 = Release|Any CPU
	EndGlobalSection
	GlobalSection(SolutionProperties) = preSolution
		HideSolutionNode = FALSE
	EndGlobalSection
	GlobalSection(ExtensibilityGlobals) = postSolution
		SolutionGuid = {0A5C07B9-66C6-4144-9774-3F4C7FCEDCEA}
	EndGlobalSection
EndGlobal
